
Microsoft Visual Studio Solution File, Format Version 12.00
# Visual Studio Version 17
VisualStudioVersion = 17.8.34330.188
MinimumVisualStudioVersion = 10.0.40219.1
Project("{FAE04EC0-301F-11D3-BF4B-00C04F79EFBC}") = "IssueTracker", "IssueTracker.csproj", "{BDC63E20-5865-4030-9D7C-388C4242A27D}"
EndProject
Global
	GlobalSection(SolutionConfigurationPlatforms) = preSolution
		Debug|Any CPU = Debug|Any CPU
		Release|Any CPU = Release|Any CPU
	EndGlobalSection
	GlobalSection(ProjectConfigurationPlatforms) = postSolution
		{BDC63E20-5865-4030-9D7C-388C4242A27D}.Debug|Any CPU.ActiveCfg = Debug|Any CPU
		{BDC63E20-5865-4030-9D7C-388C4242A27D}.Debug|Any CPU.Build.0 = Debug|Any CPU
		{BDC63E20-5865-4030-9D7C-388C4242A27D}.Release|Any CPU.ActiveCfg = Release|Any CPU
		{BDC63E20-5865-4030-9D7C-388C4242A27D}.Release|Any CPU.Build.0 = Release|Any CPU
	EndGlobalSection
	GlobalSection(SolutionProperties) = preSolution
		HideSolutionNode = FALSE
	EndGlobalSection
	GlobalSection(ExtensibilityGlobals) = postSolution
		SolutionGuid = {B09DCC02-66B5-49CB-8609-FE005E0ED667}
	EndGlobalSection
EndGlobal
